
Microsoft Visual Studio Solution File, Format Version 12.00
# Visual Studio 14
VisualStudioVersion = 14.0.23107.0
MinimumVisualStudioVersion = 10.0.40219.1
Project("{FAE04EC0-301F-11D3-BF4B-00C04F79EFBC}") = "CreateTile", "CreateTile\CreateTile.csproj", "{FF3060B0-A6AD-4ACE-89E8-B0DDF208FE35}"
EndProject
Project("{FAE04EC0-301F-11D3-BF4B-00C04F79EFBC}") = "BandSupport", "BandSupport\BandSupport.csproj", "{92A76056-6593-4A83-806C-30255AA912DA}"
EndProject
Project("{FAE04EC0-301F-11D3-BF4B-00C04F79EFBC}") = "AppCore", "AppCore\AppCore.csproj", "{E6611A34-B6BB-4402-8D54-DC75BAD5ABFE}"
EndProject
Project("{FAE04EC0-301F-11D3-BF4B-00C04F79EFBC}") = "SendMessage", "SendMessage\SendMessage.csproj", "{F0AB7FC1-7D0C-4606-B661-64F067EDC9CB}"
EndProject
Global
	GlobalSection(SolutionConfigurationPlatforms) = preSolution
		Debug|Any CPU = Debug|Any CPU
		Debug|ARM = Debug|ARM
		Debug|x64 = Debug|x64
		Debug|x86 = Debug|x86
		Release|Any CPU = Release|Any CPU
		Release|ARM = Release|ARM
		Release|x64 = Release|x64
		Release|x86 = Release|x86
	EndGlobalSection
	GlobalSection(ProjectConfigurationPlatforms) = postSolution
		{FF3060B0-A6AD-4ACE-89E8-B0DDF208FE35}.Debug|Any CPU.ActiveCfg = Debug|x86
		{FF3060B0-A6AD-4ACE-89E8-B0DDF208FE35}.Debug|ARM.ActiveCfg = Debug|ARM
		{FF3060B0-A6AD-4ACE-89E8-B0DDF208FE35}.Debug|ARM.Build.0 = Debug|ARM
		{FF3060B0-A6AD-4ACE-89E8-B0DDF208FE35}.Debug|ARM.Deploy.0 = Debug|ARM
		{FF3060B0-A6AD-4ACE-89E8-B0DDF208FE35}.Debug|x64.ActiveCfg = Debug|x64
		{FF3060B0-A6AD-4ACE-89E8-B0DDF208FE35}.Debug|x64.Build.0 = Debug|x64
		{FF3060B0-A6AD-4ACE-89E8-B0DDF208FE35}.Debug|x64.Deploy.0 = Debug|x64
		{FF3060B0-A6AD-4ACE-89E8-B0DDF208FE35}.Debug|x86.ActiveCfg = Debug|x86
		{FF3060B0-A6AD-4ACE-89E8-B0DDF208FE35}.Debug|x86.Build.0 = Debug|x86
		{FF3060B0-A6AD-4ACE-89E8-B0DDF208FE35}.Debug|x86.Deploy.0 = Debug|x86
		{FF3060B0-A6AD-4ACE-89E8-B0DDF208FE35}.Release|Any CPU.ActiveCfg = Release|x86
		{FF3060B0-A6AD-4ACE-89E8-B0DDF208FE35}.Release|ARM.ActiveCfg = Release|ARM
		{FF3060B0-A6AD-4ACE-89E8-B0DDF208FE35}.Release|ARM.Build.0 = Release|ARM
		{FF3060B0-A6AD-4ACE-89E8-B0DDF208FE35}.Release|ARM.Deploy.0 = Release|ARM
		{FF3060B0-A6AD-4ACE-89E8-B0DDF208FE35}.Release|x64.ActiveCfg = Release|x64
		{FF3060B0-A6AD-4ACE-89E8-B0DDF208FE35}.Release|x64.Build.0 = Release|x64
		{FF3060B0-A6AD-4ACE-89E8-B0DDF208FE35}.Release|x64.Deploy.0 = Release|x64
		{FF3060B0-A6AD-4ACE-89E8-B0DDF208FE35}.Release|x86.ActiveCfg = Release|x86
		{FF3060B0-A6AD-4ACE-89E8-B0DDF208FE35}.Release|x86.Build.0 = Release|x86
		{FF3060B0-A6AD-4ACE-89E8-B0DDF208FE35}.Release|x86.Deploy.0 = Release|x86
		{92A76056-6593-4A83-806C-30255AA912DA}.Debug|Any CPU.ActiveCfg = Debug|Any CPU
		{92A76056-6593-4A83-806C-30255AA912DA}.Debug|Any CPU.Build.0 = Debug|Any CPU
		{92A76056-6593-4A83-806C-30255AA912DA}.Debug|ARM.ActiveCfg = Debug|ARM
		{92A76056-6593-4A83-806C-30255AA912DA}.Debug|ARM.Build.0 = Debug|ARM
		{92A76056-6593-4A83-806C-30255AA912DA}.Debug|x64.ActiveCfg = Debug|x64
		{92A76056-6593-4A83-806C-30255AA912DA}.Debug|x64.Build.0 = Debug|x64
		{92A76056-6593-4A83-806C-30255AA912DA}.Debug|x86.ActiveCfg = Debug|x86
		{92A76056-6593-4A83-806C-30255AA912DA}.Debug|x86.Build.0 = Debug|x86
		{92A76056-6593-4A83-806C-30255AA912DA}.Release|Any CPU.ActiveCfg = Release|Any CPU
		{92A76056-6593-4A83-806C-30255AA912DA}.Release|Any CPU.Build.0 = Release|Any CPU
		{92A76056-6593-4A83-806C-30255AA912DA}.Release|ARM.ActiveCfg = Release|ARM
		{92A76056-6593-4A83-806C-30255AA912DA}.Release|ARM.Build.0 = Release|ARM
		{92A76056-6593-4A83-806C-30255AA912DA}.Release|x64.ActiveCfg = Release|x64
		{92A76056-6593-4A83-806C-30255AA912DA}.Release|x64.Build.0 = Release|x64
		{92A76056-6593-4A83-806C-30255AA912DA}.Release|x86.ActiveCfg = Release|x86
		{92A76056-6593-4A83-806C-30255AA912DA}.Release|x86.Build.0 = Release|x86
		{E6611A34-B6BB-4402-8D54-DC75BAD5ABFE}.Debug|Any CPU.ActiveCfg = Debug|Any CPU
		{E6611A34-B6BB-4402-8D54-DC75BAD5ABFE}.Debug|Any CPU.Build.0 = Debug|Any CPU
		{E6611A34-B6BB-4402-8D54-DC75BAD5ABFE}.Debug|ARM.ActiveCfg = Debug|Any CPU
		{E6611A34-B6BB-4402-8D54-DC75BAD5ABFE}.Debug|ARM.Build.0 = Debug|Any CPU
		{E6611A34-B6BB-4402-8D54-DC75BAD5ABFE}.Debug|x64.ActiveCfg = Debug|Any CPU
		{E6611A34-B6BB-4402-8D54-DC75BAD5ABFE}.Debug|x64.Build.0 = Debug|Any CPU
		{E6611A34-B6BB-4402-8D54-DC75BAD5ABFE}.Debug|x86.ActiveCfg = Debug|Any CPU
		{E6611A34-B6BB-4402-8D54-DC75BAD5ABFE}.Debug|x86.Build.0 = Debug|Any CPU
		{E6611A34-B6BB-4402-8D54-DC75BAD5ABFE}.Release|Any CPU.ActiveCfg = Release|Any CPU
		{E6611A34-B6BB-4402-8D54-DC75BAD5ABFE}.Release|Any CPU.Build.0 = Release|Any CPU
		{E6611A34-B6BB-4402-8D54-DC75BAD5ABFE}.Release|ARM.ActiveCfg = Release|Any CPU
		{E6611A34-B6BB-4402-8D54-DC75BAD5ABFE}.Release|ARM.Build.0 = Release|Any CPU
		{E6611A34-B6BB-4402-8D54-DC75BAD5ABFE}.Release|x64.ActiveCfg = Release|Any CPU
		{E6611A34-B6BB-4402-8D54-DC75BAD5ABFE}.Release|x64.Build.0 = Release|Any CPU
		{E6611A34-B6BB-4402-8D54-DC75BAD5ABFE}.Release|x86.ActiveCfg = Release|Any CPU
		{E6611A34-B6BB-4402-8D54-DC75BAD5ABFE}.Release|x86.Build.0 = Release|Any CPU
		{F0AB7FC1-7D0C-4606-B661-64F067EDC9CB}.Debug|Any CPU.ActiveCfg = Debug|x86
		{F0AB7FC1-7D0C-4606-B661-64F067EDC9CB}.Debug|ARM.ActiveCfg = Debug|ARM
		{F0AB7FC1-7D0C-4606-B661-64F067EDC9CB}.Debug|ARM.Build.0 = Debug|ARM
		{F0AB7FC1-7D0C-4606-B661-64F067EDC9CB}.Debug|ARM.Deploy.0 = Debug|ARM
		{F0AB7FC1-7D0C-4606-B661-64F067EDC9CB}.Debug|x64.ActiveCfg = Debug|x64
		{F0AB7FC1-7D0C-4606-B661-64F067EDC9CB}.Debug|x64.Build.0 = Debug|x64
		{F0AB7FC1-7D0C-4606-B661-64F067EDC9CB}.Debug|x64.Deploy.0 = Debug|x64
		{F0AB7FC1-7D0C-4606-B661-64F067EDC9CB}.Debug|x86.ActiveCfg = Debug|x86
		{F0AB7FC1-7D0C-4606-B661-64F067EDC9CB}.Debug|x86.Build.0 = Debug|x86
		{F0AB7FC1-7D0C-4606-B661-64F067EDC9CB}.Debug|x86.Deploy.0 = Debug|x86
		{F0AB7FC1-7D0C-4606-B661-64F067EDC9CB}.Release|Any CPU.ActiveCfg = Release|x86
		{F0AB7FC1-7D0C-4606-B661-64F067EDC9CB}.Release|ARM.ActiveCfg = Release|ARM
		{F0AB7FC1-7D0C-4606-B661-64F067EDC9CB}.Release|ARM.Build.0 = Release|ARM
		{F0AB7FC1-7D0C-4606-B661-64F067EDC9CB}.Release|ARM.Deploy.0 = Release|ARM
		{F0AB7FC1-7D0C-4606-B661-64F067EDC9CB}.Release|x64.ActiveCfg = Release|x64
		{F0AB7FC1-7D0C-4606-B661-64F067EDC9CB}.Release|x64.Build.0 = Release|x64
		{F0AB7FC1-7D0C-4606-B661-64F067EDC9CB}.Release|x64.Deploy.0 = Release|x64
		{F0AB7FC1-7D0C-4606-B661-64F067EDC9CB}.Release|x86.ActiveCfg = Release|x86
		{F0AB7FC1-7D0C-4606-B661-64F067EDC9CB}.Release|x86.Build.0 = Release|x86
		{F0AB7FC1-7D0C-4606-B661-64F067EDC9CB}.Release|x86.Deploy.0 = Release|x86
	EndGlobalSection
	GlobalSection(SolutionProperties) = preSolution
		HideSolutionNode = FALSE
	EndGlobalSection
EndGlobal
